# This file is autogenerated, do not edit; changes may be undone by the next 'dep ensure'.


[[projects]]
  branch = "master"
  name = "github.com/anaskhan96/soup"
  packages = ["."]
  revision = "00be3d730c89ee1efa038324e9bc7355ad23f93b"

[[projects]]
  branch = "master"
  name = "github.com/bwesterb/byteswriter"
  packages = ["."]
  revision = "c31a76b641f8b94ffccad99eeeabf795e53b1e4a"

[[projects]]
  branch = "master"
  name = "github.com/bwesterb/go-atum"
  packages = ["."]
  revision = "b79a6b33c09b7b8d49d2454bbde06162fdc0cd70"

[[projects]]
  branch = "master"
  name = "github.com/bwesterb/go-pow"
  packages = ["."]
  revision = "b53ca488a9ca0a21ee44c6a6b0ad792693214e1a"

[[projects]]
  branch = "master"
  name = "github.com/bwesterb/go-xmssmt"
  packages = ["."]
  revision = "c7ed6207145b8af6d194cab000796a9c8ffb563a"

[[projects]]
  name = "github.com/cespare/xxhash"
  packages = ["."]
  revision = "5c37fe3735342a2e0d01c87a907579987c8936cc"
  version = "v1.0.0"

[[projects]]
  name = "github.com/coreos/bbolt"
  packages = ["."]
  revision = "583e8937c61f1af6513608ccc75c97b6abdf4ff9"
  version = "v1.3.0"

[[projects]]
  branch = "master"
  name = "github.com/credentials/safeprime"
  packages = ["."]
  revision = "215fbc7208bf7e4a56d7bcd88735eb0c86ec5894"

[[projects]]
  name = "github.com/dgrijalva/jwt-go"
  packages = ["."]
  revision = "06ea1031745cb8b3dab3f6a236daf2b0aa468b7e"
  version = "v3.2.0"

[[projects]]
  branch = "master"
  name = "github.com/edsrzf/mmap-go"
  packages = ["."]
  revision = "0bce6a6887123b67a60366d2c9fe2dfb74289d2e"

[[projects]]
  name = "github.com/go-errors/errors"
  packages = ["."]
  revision = "a6af135bd4e28680facf08a3d206b454abc877a4"
  version = "v1.0.1"

[[projects]]
  branch = "master"
  name = "github.com/hashicorp/errwrap"
  packages = ["."]
  revision = "d6c0cd88035724dd42e0f335ae30161c20575ecc"

[[projects]]
  branch = "master"
  name = "github.com/hashicorp/go-cleanhttp"
  packages = ["."]
  revision = "d5fe4b57a186c716b0e00b8c301cbd9b4182694d"

[[projects]]
  branch = "master"
  name = "github.com/hashicorp/go-multierror"
  packages = ["."]
  revision = "3d5d8f294aa03d8e98859feac328afbdf1ae0703"

[[projects]]
  branch = "master"
  name = "github.com/hashicorp/go-retryablehttp"
  packages = ["."]
  revision = "e651d75abec6fbd4f2c09508f72ae7af8a8b7171"

[[projects]]
  branch = "master"
  name = "github.com/mastahyeti/cms"
  packages = [
    ".",
    "oid",
    "protocol",
    "timestamp"
  ]
  revision = "140c79d1208656095b7024bf9e9cc9b1b253d434"

[[projects]]
  branch = "master"
  name = "github.com/mhe/gabi"
  packages = ["."]
  revision = "78bc0716eb6d1d825c7bb16615986e24c902cee3"

[[projects]]
  branch = "master"
  name = "github.com/nightlyone/lockfile"
  packages = ["."]
  revision = "0ad87eef1443f64d3d8c50da647e2b1552851124"

[[projects]]
  name = "github.com/pkg/errors"
  packages = ["."]
  revision = "645ef00459ed84a119197bfb8d8205042c6df63d"
  version = "v0.8.0"

[[projects]]
  branch = "aykevl-jwt2"
  name = "github.com/privacybydesign/irmago"
  packages = [
    ".",
    "internal/disable_sigpipe",
    "internal/fs"
  ]
  revision = "6e08f2051522b2df6d41eb5abd2681aeb4cd167a"

[[projects]]
  branch = "master"
  name = "github.com/rainycape/dl"
  packages = ["."]
  revision = "1b01514224a1a60a6bcbb0b6b9d3a00ec14ae17f"

[[projects]]
  branch = "master"
  name = "github.com/templexxx/cpufeat"
  packages = ["."]
  revision = "cef66df7f161dee20f4d650da7268d77eaaec82d"

[[projects]]
  name = "github.com/templexxx/xor"
  packages = ["."]
  revision = "0af8e873c554da75f37f2049cdffda804533d44c"
  version = "0.1.2"

[[projects]]
  branch = "master"
  name = "github.com/timshannon/bolthold"
  packages = ["."]
  revision = "525de816b1a2c1cfbb67b5e9936a6b76e0c7f3e6"

[[projects]]
  branch = "master"
  name = "golang.org/x/crypto"
  packages = [
    "ed25519",
    "ed25519/internal/edwards25519",
    "sha3"
  ]
  revision = "de0752318171da717af4ce24d0a2e8626afaeb11"

[[projects]]
  branch = "master"
  name = "golang.org/x/net"
  packages = [
    "html",
    "html/atom"
  ]
  revision = "c39426892332e1bb5ec0a434a079bf82f5d30c54"

[[projects]]
  branch = "master"
  name = "golang.org/x/sys"
  packages = ["unix"]
  revision = "14742f9018cd6651ec7364dc6ee08af0baaa1031"

[[projects]]
  branch = "master"
  name = "rsc.io/pdf"
  packages = ["."]
  revision = "c47d69cf462f804ff58ca63c61a8fb2aed76587e"

[solve-meta]
  analyzer-name = "dep"
  analyzer-version = 1
  inputs-digest = "b8fa40eb5cf8aaa3eb02571a8ee0fc82f8e41e1e06cfd874de1c1b0fca7a2e6f"
  solver-name = "gps-cdcl"
  solver-version = 1
